
Microsoft Visual Studio Solution File, Format Version 12.00
# Visual Studio Version 16
VisualStudioVersion = 16.0.30621.155
MinimumVisualStudioVersion = 10.0.40219.1
Project("{FAE04EC0-301F-11D3-BF4B-00C04F79EFBC}") = "EksamensOpgave", "EksamensOpgave\EksamensOpgave.csproj", "{147A3972-5774-4A13-8647-B2B141C4D36C}"
EndProject
Global
	GlobalSection(SolutionConfigurationPlatforms) = preSolution
		Debug|Any CPU = Debug|Any CPU
		Release|Any CPU = Release|Any CPU
	EndGlobalSection
	GlobalSection(ProjectConfigurationPlatforms) = postSolution
		{147A3972-5774-4A13-8647-B2B141C4D36C}.Debug|Any CPU.ActiveCfg = Debug|Any CPU
		{147A3972-5774-4A13-8647-B2B141C4D36C}.Debug|Any CPU.Build.0 = Debug|Any CPU
		{147A3972-5774-4A13-8647-B2B141C4D36C}.Release|Any CPU.ActiveCfg = Release|Any CPU
		{147A3972-5774-4A13-8647-B2B141C4D36C}.Release|Any CPU.Build.0 = Release|Any CPU
	EndGlobalSection
	GlobalSection(SolutionProperties) = preSolution
		HideSolutionNode = FALSE
	EndGlobalSection
	GlobalSection(ExtensibilityGlobals) = postSolution
		SolutionGuid = {1A66441C-82F0-4C0B-9E84-2D45CE0FB2E5}
	EndGlobalSection
EndGlobal
